
Microsoft Visual Studio Solution File, Format Version 12.00
# Visual Studio Version 16
VisualStudioVersion = 16.0.30711.63
MinimumVisualStudioVersion = 10.0.40219.1
Project("{9A19103F-16F7-4668-BE54-9A1E7A4F7556}") = "Basra.Server", "Basra.Server.csproj", "{39A3FCB1-8063-488F-8662-AFB8704F9567}"
EndProject
Global
	GlobalSection(SolutionConfigurationPlatforms) = preSolution
		Debug|Any CPU = Debug|Any CPU
		Release|Any CPU = Release|Any CPU
	EndGlobalSection
	GlobalSection(ProjectConfigurationPlatforms) = postSolution
		{39A3FCB1-8063-488F-8662-AFB8704F9567}.Debug|Any CPU.ActiveCfg = Debug|Any CPU
		{39A3FCB1-8063-488F-8662-AFB8704F9567}.Debug|Any CPU.Build.0 = Debug|Any CPU
		{39A3FCB1-8063-488F-8662-AFB8704F9567}.Release|Any CPU.ActiveCfg = Release|Any CPU
		{39A3FCB1-8063-488F-8662-AFB8704F9567}.Release|Any CPU.Build.0 = Release|Any CPU
	EndGlobalSection
	GlobalSection(SolutionProperties) = preSolution
		HideSolutionNode = FALSE
	EndGlobalSection
	GlobalSection(ExtensibilityGlobals) = postSolution
		SolutionGuid = {A19FDFA8-70E7-46D2-B803-51EB4DAA9C88}
	EndGlobalSection
EndGlobal
