
Microsoft Visual Studio Solution File, Format Version 11.00
# Visual Studio 2010
Project("{FAE04EC0-301F-11D3-BF4B-00C04F79EFBC}") = "BestHTTP", "BestHTTP.csproj", "{a3acf23e-a50b-06fc-6d5f-2902c8fa3e57}"
EndProject
Project("{FAE04EC0-301F-11D3-BF4B-00C04F79EFBC}") = "Basra.Client_Code", "Basra.Client_Code.csproj", "{1dc45c38-fce8-e9eb-c4dd-3f98b7452b26}"
EndProject
Project("{FAE04EC0-301F-11D3-BF4B-00C04F79EFBC}") = "Assembly-CSharp-firstpass", "Assembly-CSharp-firstpass.csproj", "{72e6fed8-3414-455c-7684-b8858a97170e}"
EndProject
Project("{FAE04EC0-301F-11D3-BF4B-00C04F79EFBC}") = "PlayModeTests", "PlayModeTests.csproj", "{aabbecdc-c86c-710f-efff-2c0242360f66}"
EndProject
Project("{FAE04EC0-301F-11D3-BF4B-00C04F79EFBC}") = "EditModeTests", "EditModeTests.csproj", "{2f8cb373-dd03-6c0e-5691-073f3b2d0cf9}"
EndProject
Project("{FAE04EC0-301F-11D3-BF4B-00C04F79EFBC}") = "Assembly-CSharp-Editor", "Assembly-CSharp-Editor.csproj", "{3d5646f9-fc5e-d21c-2a1b-8ab180dadb90}"
EndProject
Project("{FAE04EC0-301F-11D3-BF4B-00C04F79EFBC}") = "Assembly-CSharp", "Assembly-CSharp.csproj", "{71ff0d4a-69e2-a259-1010-3cb294b57ea4}"
EndProject
Global
	GlobalSection(SolutionConfigurationPlatforms) = preSolution
		Debug|Any CPU = Debug|Any CPU
	EndGlobalSection
	GlobalSection(ProjectConfigurationPlatforms) = postSolution
		{a3acf23e-a50b-06fc-6d5f-2902c8fa3e57}.Debug|Any CPU.ActiveCfg = Debug|Any CPU
		{a3acf23e-a50b-06fc-6d5f-2902c8fa3e57}.Debug|Any CPU.Build.0 = Debug|Any CPU
		{1dc45c38-fce8-e9eb-c4dd-3f98b7452b26}.Debug|Any CPU.ActiveCfg = Debug|Any CPU
		{1dc45c38-fce8-e9eb-c4dd-3f98b7452b26}.Debug|Any CPU.Build.0 = Debug|Any CPU
		{72e6fed8-3414-455c-7684-b8858a97170e}.Debug|Any CPU.ActiveCfg = Debug|Any CPU
		{72e6fed8-3414-455c-7684-b8858a97170e}.Debug|Any CPU.Build.0 = Debug|Any CPU
		{aabbecdc-c86c-710f-efff-2c0242360f66}.Debug|Any CPU.ActiveCfg = Debug|Any CPU
		{aabbecdc-c86c-710f-efff-2c0242360f66}.Debug|Any CPU.Build.0 = Debug|Any CPU
		{2f8cb373-dd03-6c0e-5691-073f3b2d0cf9}.Debug|Any CPU.ActiveCfg = Debug|Any CPU
		{2f8cb373-dd03-6c0e-5691-073f3b2d0cf9}.Debug|Any CPU.Build.0 = Debug|Any CPU
		{3d5646f9-fc5e-d21c-2a1b-8ab180dadb90}.Debug|Any CPU.ActiveCfg = Debug|Any CPU
		{3d5646f9-fc5e-d21c-2a1b-8ab180dadb90}.Debug|Any CPU.Build.0 = Debug|Any CPU
		{71ff0d4a-69e2-a259-1010-3cb294b57ea4}.Debug|Any CPU.ActiveCfg = Debug|Any CPU
		{71ff0d4a-69e2-a259-1010-3cb294b57ea4}.Debug|Any CPU.Build.0 = Debug|Any CPU
	EndGlobalSection
	GlobalSection(SolutionProperties) = preSolution
		HideSolutionNode = FALSE
	EndGlobalSection
EndGlobal
